
Microsoft Visual Studio Solution File, Format Version 12.00
# Visual Studio Version 17
VisualStudioVersion = 17.6.33829.357
MinimumVisualStudioVersion = 10.0.40219.1
Project("{FAE04EC0-301F-11D3-BF4B-00C04F79EFBC}") = "FunctionApp3", "FunctionApp3\FunctionApp3.csproj", "{4D3A60FD-0545-4A2B-BEC4-F5C4EFFBF350}"
EndProject
Global
	GlobalSection(SolutionConfigurationPlatforms) = preSolution
		Debug|Any CPU = Debug|Any CPU
		Release|Any CPU = Release|Any CPU
	EndGlobalSection
	GlobalSection(ProjectConfigurationPlatforms) = postSolution
		{4D3A60FD-0545-4A2B-BEC4-F5C4EFFBF350}.Debug|Any CPU.ActiveCfg = Debug|Any CPU
		{4D3A60FD-0545-4A2B-BEC4-F5C4EFFBF350}.Debug|Any CPU.Build.0 = Debug|Any CPU
		{4D3A60FD-0545-4A2B-BEC4-F5C4EFFBF350}.Release|Any CPU.ActiveCfg = Release|Any CPU
		{4D3A60FD-0545-4A2B-BEC4-F5C4EFFBF350}.Release|Any CPU.Build.0 = Release|Any CPU
	EndGlobalSection
	GlobalSection(SolutionProperties) = preSolution
		HideSolutionNode = FALSE
	EndGlobalSection
	GlobalSection(ExtensibilityGlobals) = postSolution
		SolutionGuid = {C537A91F-A100-4D55-A2FE-7C765CE49713}
	EndGlobalSection
EndGlobal
